
Microsoft Visual Studio Solution File, Format Version 12.00
# Visual Studio Version 17
VisualStudioVersion = 17.13.35825.156
MinimumVisualStudioVersion = 10.0.40219.1
Project("{8BC9CEB8-8B4A-11D0-8D11-00A0C91BC942}") = "CDCEE 桌面挂件", "CDCEE 桌面挂件\CDCEE 桌面挂件.vcxproj", "{6B87107F-0A6E-4939-89C1-4A543D467A0F}"
EndProject
Project("{54435603-DBB4-11D2-8724-00A0C9A8B90C}") = "CDCEE Setup", "CDCEE Setup\CDCEE Setup.vdproj", "{74C42746-9906-A9D4-F787-BB23B4253E5F}"
EndProject
Global
	GlobalSection(SolutionConfigurationPlatforms) = preSolution
		Debug|x64 = Debug|x64
		Debug|x86 = Debug|x86
		Release|x64 = Release|x64
		Release|x86 = Release|x86
	EndGlobalSection
	GlobalSection(ProjectConfigurationPlatforms) = postSolution
		{6B87107F-0A6E-4939-89C1-4A543D467A0F}.Debug|x64.ActiveCfg = Debug|x64
		{6B87107F-0A6E-4939-89C1-4A543D467A0F}.Debug|x64.Build.0 = Debug|x64
		{6B87107F-0A6E-4939-89C1-4A543D467A0F}.Debug|x86.ActiveCfg = Debug|Win32
		{6B87107F-0A6E-4939-89C1-4A543D467A0F}.Debug|x86.Build.0 = Debug|Win32
		{6B87107F-0A6E-4939-89C1-4A543D467A0F}.Release|x64.ActiveCfg = Release|x64
		{6B87107F-0A6E-4939-89C1-4A543D467A0F}.Release|x64.Build.0 = Release|x64
		{6B87107F-0A6E-4939-89C1-4A543D467A0F}.Release|x86.ActiveCfg = Release|Win32
		{6B87107F-0A6E-4939-89C1-4A543D467A0F}.Release|x86.Build.0 = Release|Win32
		{74C42746-9906-A9D4-F787-BB23B4253E5F}.Debug|x64.ActiveCfg = Debug
		{74C42746-9906-A9D4-F787-BB23B4253E5F}.Debug|x86.ActiveCfg = Debug
		{74C42746-9906-A9D4-F787-BB23B4253E5F}.Release|x64.ActiveCfg = Release
		{74C42746-9906-A9D4-F787-BB23B4253E5F}.Release|x86.ActiveCfg = Release
	EndGlobalSection
	GlobalSection(SolutionProperties) = preSolution
		HideSolutionNode = FALSE
	EndGlobalSection
	GlobalSection(ExtensibilityGlobals) = postSolution
		SolutionGuid = {46CE4982-00A0-448F-945A-817FD8F55DEF}
	EndGlobalSection
EndGlobal
